// !$*UTF8*$!
{
	archiveVersion = 1;
	classes = {
	};
	objectVersion = 56;
	objects = {

/* Begin PBXBuildFile section */
		DD1E2F942A8D70FD0072FB9A /* Rick_MortyApp.swift in Sources */ = {isa = PBXBuildFile; fileRef = DD1E2F932A8D70FD0072FB9A /* Rick_MortyApp.swift */; };
		DD1E2F962A8D70FD0072FB9A /* ContentView.swift in Sources */ = {isa = PBXBuildFile; fileRef = DD1E2F952A8D70FD0072FB9A /* ContentView.swift */; };
		DD1E2F982A8D70FF0072FB9A /* Assets.xcassets in Resources */ = {isa = PBXBuildFile; fileRef = DD1E2F972A8D70FF0072FB9A /* Assets.xcassets */; };
		DD1E2F9B2A8D70FF0072FB9A /* Preview Assets.xcassets in Resources */ = {isa = PBXBuildFile; fileRef = DD1E2F9A2A8D70FF0072FB9A /* Preview Assets.xcassets */; };
		DD1E2FA72A8D80530072FB9A /* NetworkService.swift in Sources */ = {isa = PBXBuildFile; fileRef = DD1E2FA62A8D80530072FB9A /* NetworkService.swift */; };
		DD1E2FA92A8D80B80072FB9A /* URLManager.swift in Sources */ = {isa = PBXBuildFile; fileRef = DD1E2FA82A8D80B80072FB9A /* URLManager.swift */; };
		DD1E2FB02A8E73D00072FB9A /* CharacterListScreenViewController.swift in Sources */ = {isa = PBXBuildFile; fileRef = DD1E2FAF2A8E73D00072FB9A /* CharacterListScreenViewController.swift */; };
		DD1E2FB42A8E79280072FB9A /* ContentViewModel.swift in Sources */ = {isa = PBXBuildFile; fileRef = DD1E2FB32A8E79280072FB9A /* ContentViewModel.swift */; };
		DD1E2FB62A8E7A700072FB9A /* CharacterListScreenUIViewControllerRepresentable.swift in Sources */ = {isa = PBXBuildFile; fileRef = DD1E2FB52A8E7A700072FB9A /* CharacterListScreenUIViewControllerRepresentable.swift */; };
		DD1E2FB92A8E81340072FB9A /* CharacterListView.swift in Sources */ = {isa = PBXBuildFile; fileRef = DD1E2FB82A8E81340072FB9A /* CharacterListView.swift */; };
		DD1E2FBB2A8E825C0072FB9A /* CharacterListCell.swift in Sources */ = {isa = PBXBuildFile; fileRef = DD1E2FBA2A8E825C0072FB9A /* CharacterListCell.swift */; };
		DD1E2FBF2A8E91B10072FB9A /* CharacterListScreenView.swift in Sources */ = {isa = PBXBuildFile; fileRef = DD1E2FBE2A8E91B10072FB9A /* CharacterListScreenView.swift */; };
		DD1E2FC42A8EB6FA0072FB9A /* Character.swift in Sources */ = {isa = PBXBuildFile; fileRef = DD1E2FC32A8EB6FA0072FB9A /* Character.swift */; };
		DD1E2FC82A8EB9890072FB9A /* NetworkError.swift in Sources */ = {isa = PBXBuildFile; fileRef = DD1E2FC72A8EB9890072FB9A /* NetworkError.swift */; };
		DD1E2FCB2A8EC3FD0072FB9A /* SwiftyJSON in Frameworks */ = {isa = PBXBuildFile; productRef = DD1E2FCA2A8EC3FD0072FB9A /* SwiftyJSON */; };
		DD1E2FCD2A8EC4130072FB9A /* ParsingService.swift in Sources */ = {isa = PBXBuildFile; fileRef = DD1E2FCC2A8EC4130072FB9A /* ParsingService.swift */; };
		DD1E2FCF2A8F58570072FB9A /* DetailedCharacterScreenView.swift in Sources */ = {isa = PBXBuildFile; fileRef = DD1E2FCE2A8F58570072FB9A /* DetailedCharacterScreenView.swift */; };
		DD1E2FD12A8F5FF30072FB9A /* DetailedCharacter.swift in Sources */ = {isa = PBXBuildFile; fileRef = DD1E2FD02A8F5FF30072FB9A /* DetailedCharacter.swift */; };
		DD1E2FD32A8F66CD0072FB9A /* DetailedCharacterScreenViewModel.swift in Sources */ = {isa = PBXBuildFile; fileRef = DD1E2FD22A8F66CD0072FB9A /* DetailedCharacterScreenViewModel.swift */; };
		DD1E2FD62A8F6EBD0072FB9A /* ActivityIndicator.swift in Sources */ = {isa = PBXBuildFile; fileRef = DD1E2FD52A8F6EBD0072FB9A /* ActivityIndicator.swift */; };
		DD1E2FD92A8F6F3C0072FB9A /* ActivityIndicatorViewModel.swift in Sources */ = {isa = PBXBuildFile; fileRef = DD1E2FD82A8F6F3C0072FB9A /* ActivityIndicatorViewModel.swift */; };
		DDA7D4512A8F9AC100B906AE /* Origin.swift in Sources */ = {isa = PBXBuildFile; fileRef = DDA7D4502A8F9AC100B906AE /* Origin.swift */; };
/* End PBXBuildFile section */

/* Begin PBXFileReference section */
		DD1E2F902A8D70FD0072FB9A /* Rick&Morty.app */ = {isa = PBXFileReference; explicitFileType = wrapper.application; includeInIndex = 0; path = "Rick&Morty.app"; sourceTree = BUILT_PRODUCTS_DIR; };
		DD1E2F932A8D70FD0072FB9A /* Rick_MortyApp.swift */ = {isa = PBXFileReference; lastKnownFileType = sourcecode.swift; path = Rick_MortyApp.swift; sourceTree = "<group>"; };
		DD1E2F952A8D70FD0072FB9A /* ContentView.swift */ = {isa = PBXFileReference; lastKnownFileType = sourcecode.swift; path = ContentView.swift; sourceTree = "<group>"; };
		DD1E2F972A8D70FF0072FB9A /* Assets.xcassets */ = {isa = PBXFileReference; lastKnownFileType = folder.assetcatalog; path = Assets.xcassets; sourceTree = "<group>"; };
		DD1E2F9A2A8D70FF0072FB9A /* Preview Assets.xcassets */ = {isa = PBXFileReference; lastKnownFileType = folder.assetcatalog; path = "Preview Assets.xcassets"; sourceTree = "<group>"; };
		DD1E2FA32A8D76A90072FB9A /* Rick-Morty-Info.plist */ = {isa = PBXFileReference; lastKnownFileType = text.plist.xml; name = "Rick-Morty-Info.plist"; path = "Rick&Morty/Supporting files/Rick-Morty-Info.plist"; sourceTree = SOURCE_ROOT; };
		DD1E2FA62A8D80530072FB9A /* NetworkService.swift */ = {isa = PBXFileReference; lastKnownFileType = sourcecode.swift; path = NetworkService.swift; sourceTree = "<group>"; };
		DD1E2FA82A8D80B80072FB9A /* URLManager.swift */ = {isa = PBXFileReference; lastKnownFileType = sourcecode.swift; path = URLManager.swift; sourceTree = "<group>"; };
		DD1E2FAF2A8E73D00072FB9A /* CharacterListScreenViewController.swift */ = {isa = PBXFileReference; lastKnownFileType = sourcecode.swift; path = CharacterListScreenViewController.swift; sourceTree = "<group>"; };
		DD1E2FB32A8E79280072FB9A /* ContentViewModel.swift */ = {isa = PBXFileReference; lastKnownFileType = sourcecode.swift; path = ContentViewModel.swift; sourceTree = "<group>"; };
		DD1E2FB52A8E7A700072FB9A /* CharacterListScreenUIViewControllerRepresentable.swift */ = {isa = PBXFileReference; lastKnownFileType = sourcecode.swift; path = CharacterListScreenUIViewControllerRepresentable.swift; sourceTree = "<group>"; };
		DD1E2FB82A8E81340072FB9A /* CharacterListView.swift */ = {isa = PBXFileReference; lastKnownFileType = sourcecode.swift; path = CharacterListView.swift; sourceTree = "<group>"; };
		DD1E2FBA2A8E825C0072FB9A /* CharacterListCell.swift */ = {isa = PBXFileReference; lastKnownFileType = sourcecode.swift; path = CharacterListCell.swift; sourceTree = "<group>"; };
		DD1E2FBE2A8E91B10072FB9A /* CharacterListScreenView.swift */ = {isa = PBXFileReference; lastKnownFileType = sourcecode.swift; path = CharacterListScreenView.swift; sourceTree = "<group>"; };
		DD1E2FC32A8EB6FA0072FB9A /* Character.swift */ = {isa = PBXFileReference; lastKnownFileType = sourcecode.swift; path = Character.swift; sourceTree = "<group>"; };
		DD1E2FC72A8EB9890072FB9A /* NetworkError.swift */ = {isa = PBXFileReference; lastKnownFileType = sourcecode.swift; path = NetworkError.swift; sourceTree = "<group>"; };
		DD1E2FCC2A8EC4130072FB9A /* ParsingService.swift */ = {isa = PBXFileReference; lastKnownFileType = sourcecode.swift; path = ParsingService.swift; sourceTree = "<group>"; };
		DD1E2FCE2A8F58570072FB9A /* DetailedCharacterScreenView.swift */ = {isa = PBXFileReference; lastKnownFileType = sourcecode.swift; path = DetailedCharacterScreenView.swift; sourceTree = "<group>"; };
		DD1E2FD02A8F5FF30072FB9A /* DetailedCharacter.swift */ = {isa = PBXFileReference; lastKnownFileType = sourcecode.swift; path = DetailedCharacter.swift; sourceTree = "<group>"; };
		DD1E2FD22A8F66CD0072FB9A /* DetailedCharacterScreenViewModel.swift */ = {isa = PBXFileReference; lastKnownFileType = sourcecode.swift; path = DetailedCharacterScreenViewModel.swift; sourceTree = "<group>"; };
		DD1E2FD52A8F6EBD0072FB9A /* ActivityIndicator.swift */ = {isa = PBXFileReference; lastKnownFileType = sourcecode.swift; path = ActivityIndicator.swift; sourceTree = "<group>"; };
		DD1E2FD82A8F6F3C0072FB9A /* ActivityIndicatorViewModel.swift */ = {isa = PBXFileReference; lastKnownFileType = sourcecode.swift; path = ActivityIndicatorViewModel.swift; sourceTree = "<group>"; };
		DDA7D4502A8F9AC100B906AE /* Origin.swift */ = {isa = PBXFileReference; lastKnownFileType = sourcecode.swift; path = Origin.swift; sourceTree = "<group>"; };
/* End PBXFileReference section */

/* Begin PBXFrameworksBuildPhase section */
		DD1E2F8D2A8D70FC0072FB9A /* Frameworks */ = {
			isa = PBXFrameworksBuildPhase;
			buildActionMask = 2147483647;
			files = (
				DD1E2FCB2A8EC3FD0072FB9A /* SwiftyJSON in Frameworks */,
			);
			runOnlyForDeploymentPostprocessing = 0;
		};
/* End PBXFrameworksBuildPhase section */

/* Begin PBXGroup section */
		DD1E2F872A8D70FC0072FB9A = {
			isa = PBXGroup;
			children = (
				DD1E2F922A8D70FD0072FB9A /* Rick&Morty */,
				DD1E2F912A8D70FD0072FB9A /* Products */,
			);
			sourceTree = "<group>";
		};
		DD1E2F912A8D70FD0072FB9A /* Products */ = {
			isa = PBXGroup;
			children = (
				DD1E2F902A8D70FD0072FB9A /* Rick&Morty.app */,
			);
			name = Products;
			sourceTree = "<group>";
		};
		DD1E2F922A8D70FD0072FB9A /* Rick&Morty */ = {
			isa = PBXGroup;
			children = (
				DD1E2FA12A8D73130072FB9A /* Application */,
				DD1E2FAE2A8E736B0072FB9A /* CharacterListScreen(UiKit) */,
				DD1E2FC22A8EB6580072FB9A /* Model */,
				DD1E2FA42A8D79A40072FB9A /* View */,
				DD1E2FB12A8E785A0072FB9A /* ViewModel */,
				DD1E2FA52A8D7F3E0072FB9A /* Services */,
				DD1E2FA22A8D732D0072FB9A /* Supporting files */,
				DD1E2F992A8D70FF0072FB9A /* Preview Content */,
			);
			path = "Rick&Morty";
			sourceTree = "<group>";
		};
		DD1E2F992A8D70FF0072FB9A /* Preview Content */ = {
			isa = PBXGroup;
			children = (
				DD1E2F9A2A8D70FF0072FB9A /* Preview Assets.xcassets */,
			);
			path = "Preview Content";
			sourceTree = "<group>";
		};
		DD1E2FA12A8D73130072FB9A /* Application */ = {
			isa = PBXGroup;
			children = (
				DD1E2F932A8D70FD0072FB9A /* Rick_MortyApp.swift */,
			);
			path = Application;
			sourceTree = "<group>";
		};
		DD1E2FA22A8D732D0072FB9A /* Supporting files */ = {
			isa = PBXGroup;
			children = (
				DD1E2FA32A8D76A90072FB9A /* Rick-Morty-Info.plist */,
				DD1E2F972A8D70FF0072FB9A /* Assets.xcassets */,
			);
			path = "Supporting files";
			sourceTree = "<group>";
		};
		DD1E2FA42A8D79A40072FB9A /* View */ = {
			isa = PBXGroup;
			children = (
				DD1E2F952A8D70FD0072FB9A /* ContentView.swift */,
				DD1E2FBE2A8E91B10072FB9A /* CharacterListScreenView.swift */,
				DD1E2FCE2A8F58570072FB9A /* DetailedCharacterScreenView.swift */,
				DD1E2FD42A8F6E970072FB9A /* Components */,
			);
			path = View;
			sourceTree = "<group>";
		};
		DD1E2FA52A8D7F3E0072FB9A /* Services */ = {
			isa = PBXGroup;
			children = (
				DD1E2FC52A8EB9690072FB9A /* Network */,
			);
			path = Services;
			sourceTree = "<group>";
		};
		DD1E2FAE2A8E736B0072FB9A /* CharacterListScreen(UiKit) */ = {
			isa = PBXGroup;
			children = (
				DD1E2FB52A8E7A700072FB9A /* CharacterListScreenUIViewControllerRepresentable.swift */,
				DD1E2FB22A8E788C0072FB9A /* Controller */,
			);
			path = "CharacterListScreen(UiKit)";
			sourceTree = "<group>";
		};
		DD1E2FB12A8E785A0072FB9A /* ViewModel */ = {
			isa = PBXGroup;
			children = (
				DD1E2FB32A8E79280072FB9A /* ContentViewModel.swift */,
				DD1E2FD22A8F66CD0072FB9A /* DetailedCharacterScreenViewModel.swift */,
				DD1E2FD72A8F6F250072FB9A /* Components */,
			);
			path = ViewModel;
			sourceTree = "<group>";
		};
		DD1E2FB22A8E788C0072FB9A /* Controller */ = {
			isa = PBXGroup;
			children = (
				DD1E2FAF2A8E73D00072FB9A /* CharacterListScreenViewController.swift */,
				DD1E2FB72A8E7F9B0072FB9A /* View */,
			);
			path = Controller;
			sourceTree = "<group>";
		};
		DD1E2FB72A8E7F9B0072FB9A /* View */ = {
			isa = PBXGroup;
			children = (
				DD1E2FB82A8E81340072FB9A /* CharacterListView.swift */,
				DD1E2FBA2A8E825C0072FB9A /* CharacterListCell.swift */,
			);
			path = View;
			sourceTree = "<group>";
		};
		DD1E2FC22A8EB6580072FB9A /* Model */ = {
			isa = PBXGroup;
			children = (
				DD1E2FC32A8EB6FA0072FB9A /* Character.swift */,
				DD1E2FD02A8F5FF30072FB9A /* DetailedCharacter.swift */,
				DDA7D4502A8F9AC100B906AE /* Origin.swift */,
			);
			path = Model;
			sourceTree = "<group>";
		};
		DD1E2FC52A8EB9690072FB9A /* Network */ = {
			isa = PBXGroup;
			children = (
				DD1E2FC62A8EB9790072FB9A /* Error */,
				DD1E2FA62A8D80530072FB9A /* NetworkService.swift */,
				DD1E2FA82A8D80B80072FB9A /* URLManager.swift */,
				DD1E2FCC2A8EC4130072FB9A /* ParsingService.swift */,
			);
			path = Network;
			sourceTree = "<group>";
		};
		DD1E2FC62A8EB9790072FB9A /* Error */ = {
			isa = PBXGroup;
			children = (
				DD1E2FC72A8EB9890072FB9A /* NetworkError.swift */,
			);
			path = Error;
			sourceTree = "<group>";
		};
		DD1E2FD42A8F6E970072FB9A /* Components */ = {
			isa = PBXGroup;
			children = (
				DD1E2FD52A8F6EBD0072FB9A /* ActivityIndicator.swift */,
			);
			path = Components;
			sourceTree = "<group>";
		};
		DD1E2FD72A8F6F250072FB9A /* Components */ = {
			isa = PBXGroup;
			children = (
				DD1E2FD82A8F6F3C0072FB9A /* ActivityIndicatorViewModel.swift */,
			);
			path = Components;
			sourceTree = "<group>";
		};
/* End PBXGroup section */

/* Begin PBXNativeTarget section */
		DD1E2F8F2A8D70FC0072FB9A /* Rick&Morty */ = {
			isa = PBXNativeTarget;
			buildConfigurationList = DD1E2F9E2A8D70FF0072FB9A /* Build configuration list for PBXNativeTarget "Rick&Morty" */;
			buildPhases = (
				DD1E2F8C2A8D70FC0072FB9A /* Sources */,
				DD1E2F8D2A8D70FC0072FB9A /* Frameworks */,
				DD1E2F8E2A8D70FC0072FB9A /* Resources */,
			);
			buildRules = (
			);
			dependencies = (
			);
			name = "Rick&Morty";
			packageProductDependencies = (
				DD1E2FCA2A8EC3FD0072FB9A /* SwiftyJSON */,
			);
			productName = "Rick&Morty";
			productReference = DD1E2F902A8D70FD0072FB9A /* Rick&Morty.app */;
			productType = "com.apple.product-type.application";
		};
/* End PBXNativeTarget section */

/* Begin PBXProject section */
		DD1E2F882A8D70FC0072FB9A /* Project object */ = {
			isa = PBXProject;
			attributes = {
				BuildIndependentTargetsInParallel = 1;
				LastSwiftUpdateCheck = 1430;
				LastUpgradeCheck = 1430;
				TargetAttributes = {
					DD1E2F8F2A8D70FC0072FB9A = {
						CreatedOnToolsVersion = 14.3;
					};
				};
			};
			buildConfigurationList = DD1E2F8B2A8D70FC0072FB9A /* Build configuration list for PBXProject "Rick&Morty" */;
			compatibilityVersion = "Xcode 14.0";
			developmentRegion = en;
			hasScannedForEncodings = 0;
			knownRegions = (
				en,
				Base,
			);
			mainGroup = DD1E2F872A8D70FC0072FB9A;
			packageReferences = (
				DD1E2FC92A8EC3FD0072FB9A /* XCRemoteSwiftPackageReference "SwiftyJSON" */,
			);
			productRefGroup = DD1E2F912A8D70FD0072FB9A /* Products */;
			projectDirPath = "";
			projectRoot = "";
			targets = (
				DD1E2F8F2A8D70FC0072FB9A /* Rick&Morty */,
			);
		};
/* End PBXProject section */

/* Begin PBXResourcesBuildPhase section */
		DD1E2F8E2A8D70FC0072FB9A /* Resources */ = {
			isa = PBXResourcesBuildPhase;
			buildActionMask = 2147483647;
			files = (
				DD1E2F9B2A8D70FF0072FB9A /* Preview Assets.xcassets in Resources */,
				DD1E2F982A8D70FF0072FB9A /* Assets.xcassets in Resources */,
			);
			runOnlyForDeploymentPostprocessing = 0;
		};
/* End PBXResourcesBuildPhase section */

/* Begin PBXSourcesBuildPhase section */
		DD1E2F8C2A8D70FC0072FB9A /* Sources */ = {
			isa = PBXSourcesBuildPhase;
			buildActionMask = 2147483647;
			files = (
				DD1E2FBB2A8E825C0072FB9A /* CharacterListCell.swift in Sources */,
				DD1E2F962A8D70FD0072FB9A /* ContentView.swift in Sources */,
				DD1E2FD12A8F5FF30072FB9A /* DetailedCharacter.swift in Sources */,
				DDA7D4512A8F9AC100B906AE /* Origin.swift in Sources */,
				DD1E2FC42A8EB6FA0072FB9A /* Character.swift in Sources */,
				DD1E2FA92A8D80B80072FB9A /* URLManager.swift in Sources */,
				DD1E2FCF2A8F58570072FB9A /* DetailedCharacterScreenView.swift in Sources */,
				DD1E2FD32A8F66CD0072FB9A /* DetailedCharacterScreenViewModel.swift in Sources */,
				DD1E2FA72A8D80530072FB9A /* NetworkService.swift in Sources */,
				DD1E2FBF2A8E91B10072FB9A /* CharacterListScreenView.swift in Sources */,
				DD1E2FB62A8E7A700072FB9A /* CharacterListScreenUIViewControllerRepresentable.swift in Sources */,
				DD1E2FCD2A8EC4130072FB9A /* ParsingService.swift in Sources */,
				DD1E2FB92A8E81340072FB9A /* CharacterListView.swift in Sources */,
				DD1E2FD92A8F6F3C0072FB9A /* ActivityIndicatorViewModel.swift in Sources */,
				DD1E2FB42A8E79280072FB9A /* ContentViewModel.swift in Sources */,
				DD1E2FC82A8EB9890072FB9A /* NetworkError.swift in Sources */,
				DD1E2F942A8D70FD0072FB9A /* Rick_MortyApp.swift in Sources */,
				DD1E2FB02A8E73D00072FB9A /* CharacterListScreenViewController.swift in Sources */,
				DD1E2FD62A8F6EBD0072FB9A /* ActivityIndicator.swift in Sources */,
			);
			runOnlyForDeploymentPostprocessing = 0;
		};
/* End PBXSourcesBuildPhase section */

/* Begin XCBuildConfiguration section */
		DD1E2F9C2A8D70FF0072FB9A /* Debug */ = {
			isa = XCBuildConfiguration;
			buildSettings = {
				ALWAYS_SEARCH_USER_PATHS = NO;
				CLANG_ANALYZER_NONNULL = YES;
				CLANG_ANALYZER_NUMBER_OBJECT_CONVERSION = YES_AGGRESSIVE;
				CLANG_CXX_LANGUAGE_STANDARD = "gnu++20";
				CLANG_ENABLE_MODULES = YES;
				CLANG_ENABLE_OBJC_ARC = YES;
				CLANG_ENABLE_OBJC_WEAK = YES;
				CLANG_WARN_BLOCK_CAPTURE_AUTORELEASING = YES;
				CLANG_WARN_BOOL_CONVERSION = YES;
				CLANG_WARN_COMMA = YES;
				CLANG_WARN_CONSTANT_CONVERSION = YES;
				CLANG_WARN_DEPRECATED_OBJC_IMPLEMENTATIONS = YES;
				CLANG_WARN_DIRECT_OBJC_ISA_USAGE = YES_ERROR;
				CLANG_WARN_DOCUMENTATION_COMMENTS = YES;
				CLANG_WARN_EMPTY_BODY = YES;
				CLANG_WARN_ENUM_CONVERSION = YES;
				CLANG_WARN_INFINITE_RECURSION = YES;
				CLANG_WARN_INT_CONVERSION = YES;
				CLANG_WARN_NON_LITERAL_NULL_CONVERSION = YES;
				CLANG_WARN_OBJC_IMPLICIT_RETAIN_SELF = YES;
				CLANG_WARN_OBJC_LITERAL_CONVERSION = YES;
				CLANG_WARN_OBJC_ROOT_CLASS = YES_ERROR;
				CLANG_WARN_QUOTED_INCLUDE_IN_FRAMEWORK_HEADER = YES;
				CLANG_WARN_RANGE_LOOP_ANALYSIS = YES;
				CLANG_WARN_STRICT_PROTOTYPES = YES;
				CLANG_WARN_SUSPICIOUS_MOVE = YES;
				CLANG_WARN_UNGUARDED_AVAILABILITY = YES_AGGRESSIVE;
				CLANG_WARN_UNREACHABLE_CODE = YES;
				CLANG_WARN__DUPLICATE_METHOD_MATCH = YES;
				COPY_PHASE_STRIP = NO;
				DEBUG_INFORMATION_FORMAT = dwarf;
				ENABLE_STRICT_OBJC_MSGSEND = YES;
				ENABLE_TESTABILITY = YES;
				GCC_C_LANGUAGE_STANDARD = gnu11;
				GCC_DYNAMIC_NO_PIC = NO;
				GCC_NO_COMMON_BLOCKS = YES;
				GCC_OPTIMIZATION_LEVEL = 0;
				GCC_PREPROCESSOR_DEFINITIONS = (
					"DEBUG=1",
					"$(inherited)",
				);
				GCC_WARN_64_TO_32_BIT_CONVERSION = YES;
				GCC_WARN_ABOUT_RETURN_TYPE = YES_ERROR;
				GCC_WARN_UNDECLARED_SELECTOR = YES;
				GCC_WARN_UNINITIALIZED_AUTOS = YES_AGGRESSIVE;
				GCC_WARN_UNUSED_FUNCTION = YES;
				GCC_WARN_UNUSED_VARIABLE = YES;
				IPHONEOS_DEPLOYMENT_TARGET = 16.4;
				MTL_ENABLE_DEBUG_INFO = INCLUDE_SOURCE;
				MTL_FAST_MATH = YES;
				ONLY_ACTIVE_ARCH = YES;
				SDKROOT = iphoneos;
				SWIFT_ACTIVE_COMPILATION_CONDITIONS = DEBUG;
				SWIFT_OPTIMIZATION_LEVEL = "-Onone";
			};
			name = Debug;
		};
		DD1E2F9D2A8D70FF0072FB9A /* Release */ = {
			isa = XCBuildConfiguration;
			buildSettings = {
				ALWAYS_SEARCH_USER_PATHS = NO;
				CLANG_ANALYZER_NONNULL = YES;
				CLANG_ANALYZER_NUMBER_OBJECT_CONVERSION = YES_AGGRESSIVE;
				CLANG_CXX_LANGUAGE_STANDARD = "gnu++20";
				CLANG_ENABLE_MODULES = YES;
				CLANG_ENABLE_OBJC_ARC = YES;
				CLANG_ENABLE_OBJC_WEAK = YES;
				CLANG_WARN_BLOCK_CAPTURE_AUTORELEASING = YES;
				CLANG_WARN_BOOL_CONVERSION = YES;
				CLANG_WARN_COMMA = YES;
				CLANG_WARN_CONSTANT_CONVERSION = YES;
				CLANG_WARN_DEPRECATED_OBJC_IMPLEMENTATIONS = YES;
				CLANG_WARN_DIRECT_OBJC_ISA_USAGE = YES_ERROR;
				CLANG_WARN_DOCUMENTATION_COMMENTS = YES;
				CLANG_WARN_EMPTY_BODY = YES;
				CLANG_WARN_ENUM_CONVERSION = YES;
				CLANG_WARN_INFINITE_RECURSION = YES;
				CLANG_WARN_INT_CONVERSION = YES;
				CLANG_WARN_NON_LITERAL_NULL_CONVERSION = YES;
				CLANG_WARN_OBJC_IMPLICIT_RETAIN_SELF = YES;
				CLANG_WARN_OBJC_LITERAL_CONVERSION = YES;
				CLANG_WARN_OBJC_ROOT_CLASS = YES_ERROR;
				CLANG_WARN_QUOTED_INCLUDE_IN_FRAMEWORK_HEADER = YES;
				CLANG_WARN_RANGE_LOOP_ANALYSIS = YES;
				CLANG_WARN_STRICT_PROTOTYPES = YES;
				CLANG_WARN_SUSPICIOUS_MOVE = YES;
				CLANG_WARN_UNGUARDED_AVAILABILITY = YES_AGGRESSIVE;
				CLANG_WARN_UNREACHABLE_CODE = YES;
				CLANG_WARN__DUPLICATE_METHOD_MATCH = YES;
				COPY_PHASE_STRIP = NO;
				DEBUG_INFORMATION_FORMAT = "dwarf-with-dsym";
				ENABLE_NS_ASSERTIONS = NO;
				ENABLE_STRICT_OBJC_MSGSEND = YES;
				GCC_C_LANGUAGE_STANDARD = gnu11;
				GCC_NO_COMMON_BLOCKS = YES;
				GCC_WARN_64_TO_32_BIT_CONVERSION = YES;
				GCC_WARN_ABOUT_RETURN_TYPE = YES_ERROR;
				GCC_WARN_UNDECLARED_SELECTOR = YES;
				GCC_WARN_UNINITIALIZED_AUTOS = YES_AGGRESSIVE;
				GCC_WARN_UNUSED_FUNCTION = YES;
				GCC_WARN_UNUSED_VARIABLE = YES;
				IPHONEOS_DEPLOYMENT_TARGET = 16.4;
				MTL_ENABLE_DEBUG_INFO = NO;
				MTL_FAST_MATH = YES;
				SDKROOT = iphoneos;
				SWIFT_COMPILATION_MODE = wholemodule;
				SWIFT_OPTIMIZATION_LEVEL = "-O";
				VALIDATE_PRODUCT = YES;
			};
			name = Release;
		};
		DD1E2F9F2A8D70FF0072FB9A /* Debug */ = {
			isa = XCBuildConfiguration;
			buildSettings = {
				ASSETCATALOG_COMPILER_APPICON_NAME = AppIcon;
				ASSETCATALOG_COMPILER_GLOBAL_ACCENT_COLOR_NAME = AccentColor;
				CODE_SIGN_STYLE = Automatic;
				CURRENT_PROJECT_VERSION = 1;
				DEVELOPMENT_ASSET_PATHS = "\"Rick&Morty/Preview Content\"";
				DEVELOPMENT_TEAM = 62VLSN5H88;
				ENABLE_PREVIEWS = YES;
				GENERATE_INFOPLIST_FILE = YES;
				INFOPLIST_FILE = "Rick&Morty/Supporting files/Rick-Morty-Info.plist";
				INFOPLIST_KEY_UIApplicationSceneManifest_Generation = YES;
				INFOPLIST_KEY_UIApplicationSupportsIndirectInputEvents = YES;
				INFOPLIST_KEY_UISupportedInterfaceOrientations = UIInterfaceOrientationPortrait;
				INFOPLIST_KEY_UISupportedInterfaceOrientations_iPad = "UIInterfaceOrientationLandscapeLeft UIInterfaceOrientationLandscapeRight UIInterfaceOrientationPortrait UIInterfaceOrientationPortraitUpsideDown";
				LD_RUNPATH_SEARCH_PATHS = (
					"$(inherited)",
					"@executable_path/Frameworks",
				);
				MARKETING_VERSION = 1.0;
				PRODUCT_BUNDLE_IDENTIFIER = "ru.deshab.Rick-Morty";
				PRODUCT_NAME = "$(TARGET_NAME)";
				SUPPORTED_PLATFORMS = "iphoneos iphonesimulator";
				SUPPORTS_MACCATALYST = NO;
				SUPPORTS_MAC_DESIGNED_FOR_IPHONE_IPAD = NO;
				SWIFT_EMIT_LOC_STRINGS = YES;
				SWIFT_VERSION = 5.0;
				TARGETED_DEVICE_FAMILY = 1;
			};
			name = Debug;
		};
		DD1E2FA02A8D70FF0072FB9A /* Release */ = {
			isa = XCBuildConfiguration;
			buildSettings = {
				ASSETCATALOG_COMPILER_APPICON_NAME = AppIcon;
				ASSETCATALOG_COMPILER_GLOBAL_ACCENT_COLOR_NAME = AccentColor;
				CODE_SIGN_STYLE = Automatic;
				CURRENT_PROJECT_VERSION = 1;
				DEVELOPMENT_ASSET_PATHS = "\"Rick&Morty/Preview Content\"";
				DEVELOPMENT_TEAM = 62VLSN5H88;
				ENABLE_PREVIEWS = YES;
				GENERATE_INFOPLIST_FILE = YES;
				INFOPLIST_FILE = "Rick&Morty/Supporting files/Rick-Morty-Info.plist";
				INFOPLIST_KEY_UIApplicationSceneManifest_Generation = YES;
				INFOPLIST_KEY_UIApplicationSupportsIndirectInputEvents = YES;
				INFOPLIST_KEY_UISupportedInterfaceOrientations = UIInterfaceOrientationPortrait;
				INFOPLIST_KEY_UISupportedInterfaceOrientations_iPad = "UIInterfaceOrientationLandscapeLeft UIInterfaceOrientationLandscapeRight UIInterfaceOrientationPortrait UIInterfaceOrientationPortraitUpsideDown";
				LD_RUNPATH_SEARCH_PATHS = (
					"$(inherited)",
					"@executable_path/Frameworks",
				);
				MARKETING_VERSION = 1.0;
				PRODUCT_BUNDLE_IDENTIFIER = "ru.deshab.Rick-Morty";
				PRODUCT_NAME = "$(TARGET_NAME)";
				SUPPORTED_PLATFORMS = "iphoneos iphonesimulator";
				SUPPORTS_MACCATALYST = NO;
				SUPPORTS_MAC_DESIGNED_FOR_IPHONE_IPAD = NO;
				SWIFT_EMIT_LOC_STRINGS = YES;
				SWIFT_VERSION = 5.0;
				TARGETED_DEVICE_FAMILY = 1;
			};
			name = Release;
		};
/* End XCBuildConfiguration section */

/* Begin XCConfigurationList section */
		DD1E2F8B2A8D70FC0072FB9A /* Build configuration list for PBXProject "Rick&Morty" */ = {
			isa = XCConfigurationList;
			buildConfigurations = (
				DD1E2F9C2A8D70FF0072FB9A /* Debug */,
				DD1E2F9D2A8D70FF0072FB9A /* Release */,
			);
			defaultConfigurationIsVisible = 0;
			defaultConfigurationName = Release;
		};
		DD1E2F9E2A8D70FF0072FB9A /* Build configuration list for PBXNativeTarget "Rick&Morty" */ = {
			isa = XCConfigurationList;
			buildConfigurations = (
				DD1E2F9F2A8D70FF0072FB9A /* Debug */,
				DD1E2FA02A8D70FF0072FB9A /* Release */,
			);
			defaultConfigurationIsVisible = 0;
			defaultConfigurationName = Release;
		};
/* End XCConfigurationList section */

/* Begin XCRemoteSwiftPackageReference section */
		DD1E2FC92A8EC3FD0072FB9A /* XCRemoteSwiftPackageReference "SwiftyJSON" */ = {
			isa = XCRemoteSwiftPackageReference;
			repositoryURL = "https://github.com/SwiftyJSON/SwiftyJSON.git";
			requirement = {
				kind = upToNextMajorVersion;
				minimumVersion = 5.0.0;
			};
		};
/* End XCRemoteSwiftPackageReference section */

/* Begin XCSwiftPackageProductDependency section */
		DD1E2FCA2A8EC3FD0072FB9A /* SwiftyJSON */ = {
			isa = XCSwiftPackageProductDependency;
			package = DD1E2FC92A8EC3FD0072FB9A /* XCRemoteSwiftPackageReference "SwiftyJSON" */;
			productName = SwiftyJSON;
		};
/* End XCSwiftPackageProductDependency section */
	};
	rootObject = DD1E2F882A8D70FC0072FB9A /* Project object */;
}
